{
  "name": "@defacts/agent-cache",
  "version": "1.0.0",
  "lockfileVersion": 3,
  "requires": true,
  "packages": {
    "": {
      "name": "@defacts/agent-cache",
      "version": "1.0.0",
      "dependencies": {
        "@defacts/axl-client": "file:../../packages/axl-client"
      }
    },
    "../../packages/axl-client": {
      "name": "@defacts/axl-client",
      "version": "1.0.2"
    },
    "node_modules/@defacts/axl-client": {
      "resolved": "../../packages/axl-client",
      "link": true
    }
  }
}
